
Microsoft Visual Studio Solution File, Format Version 12.00
# Visual Studio Version 17
VisualStudioVersion = 17.5.33516.290
MinimumVisualStudioVersion = 10.0.40219.1
Project("{FAE04EC0-301F-11D3-BF4B-00C04F79EFBC}") = "ParadoxEditor", "ParadoxEditor\ParadoxEditor.csproj", "{80FC4B7B-B044-49C4-B0C0-C76EED6E06B3}"
EndProject
Project("{9A19103F-16F7-4668-BE54-9A1E7A4F7556}") = "Reader", "Reader\Reader.csproj", "{4EB986F2-DF5F-4034-90ED-2BC1346D86E7}"
EndProject
Global
	GlobalSection(SolutionConfigurationPlatforms) = preSolution
		Debug|Any CPU = Debug|Any CPU
		Release|Any CPU = Release|Any CPU
	EndGlobalSection
	GlobalSection(ProjectConfigurationPlatforms) = postSolution
		{80FC4B7B-B044-49C4-B0C0-C76EED6E06B3}.Debug|Any CPU.ActiveCfg = Debug|Any CPU
		{80FC4B7B-B044-49C4-B0C0-C76EED6E06B3}.Debug|Any CPU.Build.0 = Debug|Any CPU
		{80FC4B7B-B044-49C4-B0C0-C76EED6E06B3}.Release|Any CPU.ActiveCfg = Release|Any CPU
		{80FC4B7B-B044-49C4-B0C0-C76EED6E06B3}.Release|Any CPU.Build.0 = Release|Any CPU
		{4EB986F2-DF5F-4034-90ED-2BC1346D86E7}.Debug|Any CPU.ActiveCfg = Debug|Any CPU
		{4EB986F2-DF5F-4034-90ED-2BC1346D86E7}.Debug|Any CPU.Build.0 = Debug|Any CPU
		{4EB986F2-DF5F-4034-90ED-2BC1346D86E7}.Release|Any CPU.ActiveCfg = Release|Any CPU
		{4EB986F2-DF5F-4034-90ED-2BC1346D86E7}.Release|Any CPU.Build.0 = Release|Any CPU
	EndGlobalSection
	GlobalSection(SolutionProperties) = preSolution
		HideSolutionNode = FALSE
	EndGlobalSection
	GlobalSection(ExtensibilityGlobals) = postSolution
		SolutionGuid = {0B1507E1-284C-4E8C-B49D-D2D39DB1A1BF}
	EndGlobalSection
EndGlobal
